
Microsoft Visual Studio Solution File, Format Version 12.00
# Visual Studio Version 16
VisualStudioVersion = 16.0.32413.511
MinimumVisualStudioVersion = 10.0.40219.1
Project("{FAE04EC0-301F-11D3-BF4B-00C04F79EFBC}") = "Longest Common Subsequence", "Longest Common Subsequence\Longest Common Subsequence.csproj", "{A2C0C7D7-8FE5-4213-8C23-9A7E087E0C95}"
EndProject
Global
	GlobalSection(SolutionConfigurationPlatforms) = preSolution
		Debug|Any CPU = Debug|Any CPU
		Release|Any CPU = Release|Any CPU
	EndGlobalSection
	GlobalSection(ProjectConfigurationPlatforms) = postSolution
		{A2C0C7D7-8FE5-4213-8C23-9A7E087E0C95}.Debug|Any CPU.ActiveCfg = Debug|Any CPU
		{A2C0C7D7-8FE5-4213-8C23-9A7E087E0C95}.Debug|Any CPU.Build.0 = Debug|Any CPU
		{A2C0C7D7-8FE5-4213-8C23-9A7E087E0C95}.Release|Any CPU.ActiveCfg = Release|Any CPU
		{A2C0C7D7-8FE5-4213-8C23-9A7E087E0C95}.Release|Any CPU.Build.0 = Release|Any CPU
	EndGlobalSection
	GlobalSection(SolutionProperties) = preSolution
		HideSolutionNode = FALSE
	EndGlobalSection
	GlobalSection(ExtensibilityGlobals) = postSolution
		SolutionGuid = {3BCE8243-7149-425A-BA21-356D08A17D74}
	EndGlobalSection
EndGlobal
